<Solution>
  <Folder Name="/managed/">
    <Project Path="managed/Tf2DemoSalvage.Cli/Tf2DemoSalvage.Cli.csproj" />
    <Project Path="managed/Tf2DemoSalvage.Core/Tf2DemoSalvage.Core.csproj" />
  </Folder>
  <Folder Name="/tests/">
    <Project Path="tests/Tf2DemoSalvage.Cli.Tests/Tf2DemoSalvage.Cli.Tests.csproj" />
    <Project Path="tests/Tf2DemoSalvage.Corpus.Tests/Tf2DemoSalvage.Corpus.Tests.csproj" />
    <Project Path="tests/Tf2DemoSalvage.Core.Tests/Tf2DemoSalvage.Core.Tests.csproj" />
    <Project Path="tests/Tf2DemoSalvage.Fuzz/Tf2DemoSalvage.Fuzz.csproj" />
  </Folder>
</Solution>
